
Microsoft Visual Studio Solution File, Format Version 12.00
# Visual Studio Version 16
VisualStudioVersion = 16.0.30204.135
MinimumVisualStudioVersion = 10.0.40219.1
Project("{9A19103F-16F7-4668-BE54-9A1E7A4F7556}") = "Map", "Map.csproj", "{B9DF4649-5CE7-4D05-B016-262F5E1CBCB4}"
EndProject
Global
	GlobalSection(SolutionConfigurationPlatforms) = preSolution
		Debug|Any CPU = Debug|Any CPU
		Release|Any CPU = Release|Any CPU
	EndGlobalSection
	GlobalSection(ProjectConfigurationPlatforms) = postSolution
		{B9DF4649-5CE7-4D05-B016-262F5E1CBCB4}.Debug|Any CPU.ActiveCfg = Debug|Any CPU
		{B9DF4649-5CE7-4D05-B016-262F5E1CBCB4}.Debug|Any CPU.Build.0 = Debug|Any CPU
		{B9DF4649-5CE7-4D05-B016-262F5E1CBCB4}.Release|Any CPU.ActiveCfg = Release|Any CPU
		{B9DF4649-5CE7-4D05-B016-262F5E1CBCB4}.Release|Any CPU.Build.0 = Release|Any CPU
	EndGlobalSection
	GlobalSection(SolutionProperties) = preSolution
		HideSolutionNode = FALSE
	EndGlobalSection
	GlobalSection(ExtensibilityGlobals) = postSolution
		SolutionGuid = {BDE89F5A-3111-4C3B-822D-5CCAF4186A6C}
	EndGlobalSection
EndGlobal
